
Microsoft Visual Studio Solution File, Format Version 12.00
# Visual Studio Version 16
VisualStudioVersion = 16.0.31829.152
MinimumVisualStudioVersion = 10.0.40219.1
Project("{FAE04EC0-301F-11D3-BF4B-00C04F79EFBC}") = "FileEncodingChanger", "FileEncodingChanger\FileEncodingChanger.csproj", "{13CBEB39-1989-495C-9BF7-E7BA307CC494}"
EndProject
Global
	GlobalSection(SolutionConfigurationPlatforms) = preSolution
		Debug|Any CPU = Debug|Any CPU
		Release|Any CPU = Release|Any CPU
	EndGlobalSection
	GlobalSection(ProjectConfigurationPlatforms) = postSolution
		{13CBEB39-1989-495C-9BF7-E7BA307CC494}.Debug|Any CPU.ActiveCfg = Debug|Any CPU
		{13CBEB39-1989-495C-9BF7-E7BA307CC494}.Debug|Any CPU.Build.0 = Debug|Any CPU
		{13CBEB39-1989-495C-9BF7-E7BA307CC494}.Release|Any CPU.ActiveCfg = Release|Any CPU
		{13CBEB39-1989-495C-9BF7-E7BA307CC494}.Release|Any CPU.Build.0 = Release|Any CPU
	EndGlobalSection
	GlobalSection(SolutionProperties) = preSolution
		HideSolutionNode = FALSE
	EndGlobalSection
	GlobalSection(ExtensibilityGlobals) = postSolution
		SolutionGuid = {AC79690C-0A51-4EDA-953C-65410F63BBBD}
	EndGlobalSection
EndGlobal
